// !$*UTF8*$!
{
	archiveVersion = 1;
	classes = {
	};
	objectVersion = 51;
	objects = {

/* Begin PBXBuildFile section */
		136A03982568F82F004F6D94 /* AppDelegate.swift in Sources */ = {isa = PBXBuildFile; fileRef = 136A03972568F82F004F6D94 /* AppDelegate.swift */; };
		136A039A2568F82F004F6D94 /* SceneDelegate.swift in Sources */ = {isa = PBXBuildFile; fileRef = 136A03992568F82F004F6D94 /* SceneDelegate.swift */; };
		136A039F2568F82F004F6D94 /* Main.storyboard in Resources */ = {isa = PBXBuildFile; fileRef = 136A039D2568F82F004F6D94 /* Main.storyboard */; };
		136A03A12568F832004F6D94 /* Assets.xcassets in Resources */ = {isa = PBXBuildFile; fileRef = 136A03A02568F832004F6D94 /* Assets.xcassets */; };
		136A03A42568F832004F6D94 /* LaunchScreen.storyboard in Resources */ = {isa = PBXBuildFile; fileRef = 136A03A22568F832004F6D94 /* LaunchScreen.storyboard */; };
		136A03BA2568F90A004F6D94 /* DetailController.swift in Sources */ = {isa = PBXBuildFile; fileRef = 136A03B92568F90A004F6D94 /* DetailController.swift */; };
		136A03BD2568F918004F6D94 /* DetailViewModel.swift in Sources */ = {isa = PBXBuildFile; fileRef = 136A03BC2568F918004F6D94 /* DetailViewModel.swift */; };
		136A03C02568F924004F6D94 /* HomeViewModel.swift in Sources */ = {isa = PBXBuildFile; fileRef = 136A03BF2568F924004F6D94 /* HomeViewModel.swift */; };
		136A03C32568F92F004F6D94 /* HomeController.swift in Sources */ = {isa = PBXBuildFile; fileRef = 136A03C22568F92F004F6D94 /* HomeController.swift */; };
		136A03C92568FD5E004F6D94 /* Launch.swift in Sources */ = {isa = PBXBuildFile; fileRef = 136A03C82568FD5E004F6D94 /* Launch.swift */; };
		136A03CD25690B19004F6D94 /* Endpoint.swift in Sources */ = {isa = PBXBuildFile; fileRef = 136A03CC25690B19004F6D94 /* Endpoint.swift */; };
		136A03D125690CAA004F6D94 /* Service.swift in Sources */ = {isa = PBXBuildFile; fileRef = 136A03D025690CAA004F6D94 /* Service.swift */; };
		136A03D425692809004F6D94 /* Constant.swift in Sources */ = {isa = PBXBuildFile; fileRef = 136A03D325692809004F6D94 /* Constant.swift */; };
		136A03D825692824004F6D94 /* StoryboardId.swift in Sources */ = {isa = PBXBuildFile; fileRef = 136A03D725692824004F6D94 /* StoryboardId.swift */; };
		136A03DB25692954004F6D94 /* HomeTableViewCell.swift in Sources */ = {isa = PBXBuildFile; fileRef = 136A03DA25692954004F6D94 /* HomeTableViewCell.swift */; };
		136A03DE2569298A004F6D94 /* UI.swift in Sources */ = {isa = PBXBuildFile; fileRef = 136A03DD2569298A004F6D94 /* UI.swift */; };
		23723D767EFF7C6347571FF3 /* Pods_SpaceXLaunches.framework in Frameworks */ = {isa = PBXBuildFile; fileRef = C420B00D11DE5AD3D3890C64 /* Pods_SpaceXLaunches.framework */; };
/* End PBXBuildFile section */

/* Begin PBXFileReference section */
		136A03942568F82F004F6D94 /* SpaceXLaunches.app */ = {isa = PBXFileReference; explicitFileType = wrapper.application; includeInIndex = 0; path = SpaceXLaunches.app; sourceTree = BUILT_PRODUCTS_DIR; };
		136A03972568F82F004F6D94 /* AppDelegate.swift */ = {isa = PBXFileReference; lastKnownFileType = sourcecode.swift; path = AppDelegate.swift; sourceTree = "<group>"; };
		136A03992568F82F004F6D94 /* SceneDelegate.swift */ = {isa = PBXFileReference; lastKnownFileType = sourcecode.swift; path = SceneDelegate.swift; sourceTree = "<group>"; };
		136A039E2568F82F004F6D94 /* Base */ = {isa = PBXFileReference; lastKnownFileType = file.storyboard; name = Base; path = Base.lproj/Main.storyboard; sourceTree = "<group>"; };
		136A03A02568F832004F6D94 /* Assets.xcassets */ = {isa = PBXFileReference; lastKnownFileType = folder.assetcatalog; path = Assets.xcassets; sourceTree = "<group>"; };
		136A03A32568F832004F6D94 /* Base */ = {isa = PBXFileReference; lastKnownFileType = file.storyboard; name = Base; path = Base.lproj/LaunchScreen.storyboard; sourceTree = "<group>"; };
		136A03A52568F832004F6D94 /* Info.plist */ = {isa = PBXFileReference; lastKnownFileType = text.plist.xml; path = Info.plist; sourceTree = "<group>"; };
		136A03B92568F90A004F6D94 /* DetailController.swift */ = {isa = PBXFileReference; lastKnownFileType = sourcecode.swift; path = DetailController.swift; sourceTree = "<group>"; };
		136A03BC2568F918004F6D94 /* DetailViewModel.swift */ = {isa = PBXFileReference; lastKnownFileType = sourcecode.swift; path = DetailViewModel.swift; sourceTree = "<group>"; };
		136A03BF2568F924004F6D94 /* HomeViewModel.swift */ = {isa = PBXFileReference; lastKnownFileType = sourcecode.swift; path = HomeViewModel.swift; sourceTree = "<group>"; };
		136A03C22568F92F004F6D94 /* HomeController.swift */ = {isa = PBXFileReference; lastKnownFileType = sourcecode.swift; path = HomeController.swift; sourceTree = "<group>"; };
		136A03C82568FD5E004F6D94 /* Launch.swift */ = {isa = PBXFileReference; lastKnownFileType = sourcecode.swift; path = Launch.swift; sourceTree = "<group>"; };
		136A03CC25690B19004F6D94 /* Endpoint.swift */ = {isa = PBXFileReference; lastKnownFileType = sourcecode.swift; path = Endpoint.swift; sourceTree = "<group>"; };
		136A03D025690CAA004F6D94 /* Service.swift */ = {isa = PBXFileReference; lastKnownFileType = sourcecode.swift; path = Service.swift; sourceTree = "<group>"; };
		136A03D325692809004F6D94 /* Constant.swift */ = {isa = PBXFileReference; lastKnownFileType = sourcecode.swift; path = Constant.swift; sourceTree = "<group>"; };
		136A03D725692824004F6D94 /* StoryboardId.swift */ = {isa = PBXFileReference; lastKnownFileType = sourcecode.swift; path = StoryboardId.swift; sourceTree = "<group>"; };
		136A03DA25692954004F6D94 /* HomeTableViewCell.swift */ = {isa = PBXFileReference; lastKnownFileType = sourcecode.swift; path = HomeTableViewCell.swift; sourceTree = "<group>"; };
		136A03DD2569298A004F6D94 /* UI.swift */ = {isa = PBXFileReference; lastKnownFileType = sourcecode.swift; path = UI.swift; sourceTree = "<group>"; };
		313E0836F2709EF68E2942E5 /* Pods-SpaceXLaunches.debug.xcconfig */ = {isa = PBXFileReference; includeInIndex = 1; lastKnownFileType = text.xcconfig; name = "Pods-SpaceXLaunches.debug.xcconfig"; path = "Target Support Files/Pods-SpaceXLaunches/Pods-SpaceXLaunches.debug.xcconfig"; sourceTree = "<group>"; };
		C420B00D11DE5AD3D3890C64 /* Pods_SpaceXLaunches.framework */ = {isa = PBXFileReference; explicitFileType = wrapper.framework; includeInIndex = 0; path = Pods_SpaceXLaunches.framework; sourceTree = BUILT_PRODUCTS_DIR; };
		D3C0290723832ABC09E54074 /* Pods-SpaceXLaunches.release.xcconfig */ = {isa = PBXFileReference; includeInIndex = 1; lastKnownFileType = text.xcconfig; name = "Pods-SpaceXLaunches.release.xcconfig"; path = "Target Support Files/Pods-SpaceXLaunches/Pods-SpaceXLaunches.release.xcconfig"; sourceTree = "<group>"; };
/* End PBXFileReference section */

/* Begin PBXFrameworksBuildPhase section */
		136A03912568F82F004F6D94 /* Frameworks */ = {
			isa = PBXFrameworksBuildPhase;
			buildActionMask = 2147483647;
			files = (
				23723D767EFF7C6347571FF3 /* Pods_SpaceXLaunches.framework in Frameworks */,
			);
			runOnlyForDeploymentPostprocessing = 0;
		};
/* End PBXFrameworksBuildPhase section */

/* Begin PBXGroup section */
		136A038B2568F82F004F6D94 = {
			isa = PBXGroup;
			children = (
				136A03962568F82F004F6D94 /* SpaceXLaunches */,
				136A03952568F82F004F6D94 /* Products */,
				15D8B37A83EB861718A814C3 /* Pods */,
				A653250158D0578947208C75 /* Frameworks */,
			);
			sourceTree = "<group>";
		};
		136A03952568F82F004F6D94 /* Products */ = {
			isa = PBXGroup;
			children = (
				136A03942568F82F004F6D94 /* SpaceXLaunches.app */,
			);
			name = Products;
			sourceTree = "<group>";
		};
		136A03962568F82F004F6D94 /* SpaceXLaunches */ = {
			isa = PBXGroup;
			children = (
				136A03B32568F878004F6D94 /* Models */,
				136A03CB25690AA6004F6D94 /* Networking */,
				136A03AD2568F84D004F6D94 /* Resources */,
				136A03AE2568F854004F6D94 /* Supports */,
				136A03AF2568F85C004F6D94 /* UI */,
				136A03B02568F860004F6D94 /* Utilities */,
			);
			path = SpaceXLaunches;
			sourceTree = "<group>";
		};
		136A03AD2568F84D004F6D94 /* Resources */ = {
			isa = PBXGroup;
			children = (
				136A03A02568F832004F6D94 /* Assets.xcassets */,
			);
			path = Resources;
			sourceTree = "<group>";
		};
		136A03AE2568F854004F6D94 /* Supports */ = {
			isa = PBXGroup;
			children = (
				136A03A52568F832004F6D94 /* Info.plist */,
				136A03972568F82F004F6D94 /* AppDelegate.swift */,
				136A03992568F82F004F6D94 /* SceneDelegate.swift */,
			);
			path = Supports;
			sourceTree = "<group>";
		};
		136A03AF2568F85C004F6D94 /* UI */ = {
			isa = PBXGroup;
			children = (
				136A03B72568F8B7004F6D94 /* Detail */,
				136A03B62568F8B3004F6D94 /* Home */,
				136A03B52568F8A1004F6D94 /* Storyboards */,
			);
			path = UI;
			sourceTree = "<group>";
		};
		136A03B02568F860004F6D94 /* Utilities */ = {
			isa = PBXGroup;
			children = (
				136A03B12568F866004F6D94 /* Constants */,
			);
			path = Utilities;
			sourceTree = "<group>";
		};
		136A03B12568F866004F6D94 /* Constants */ = {
			isa = PBXGroup;
			children = (
				136A03D325692809004F6D94 /* Constant.swift */,
				136A03D725692824004F6D94 /* StoryboardId.swift */,
				136A03DD2569298A004F6D94 /* UI.swift */,
			);
			path = Constants;
			sourceTree = "<group>";
		};
		136A03B32568F878004F6D94 /* Models */ = {
			isa = PBXGroup;
			children = (
				136A03C82568FD5E004F6D94 /* Launch.swift */,
			);
			path = Models;
			sourceTree = "<group>";
		};
		136A03B52568F8A1004F6D94 /* Storyboards */ = {
			isa = PBXGroup;
			children = (
				136A03A22568F832004F6D94 /* LaunchScreen.storyboard */,
				136A039D2568F82F004F6D94 /* Main.storyboard */,
			);
			path = Storyboards;
			sourceTree = "<group>";
		};
		136A03B62568F8B3004F6D94 /* Home */ = {
			isa = PBXGroup;
			children = (
				136A03C22568F92F004F6D94 /* HomeController.swift */,
				136A03DA25692954004F6D94 /* HomeTableViewCell.swift */,
				136A03BF2568F924004F6D94 /* HomeViewModel.swift */,
			);
			path = Home;
			sourceTree = "<group>";
		};
		136A03B72568F8B7004F6D94 /* Detail */ = {
			isa = PBXGroup;
			children = (
				136A03B92568F90A004F6D94 /* DetailController.swift */,
				136A03BC2568F918004F6D94 /* DetailViewModel.swift */,
			);
			path = Detail;
			sourceTree = "<group>";
		};
		136A03CB25690AA6004F6D94 /* Networking */ = {
			isa = PBXGroup;
			children = (
				136A03CC25690B19004F6D94 /* Endpoint.swift */,
				136A03D025690CAA004F6D94 /* Service.swift */,
			);
			path = Networking;
			sourceTree = "<group>";
		};
		15D8B37A83EB861718A814C3 /* Pods */ = {
			isa = PBXGroup;
			children = (
				313E0836F2709EF68E2942E5 /* Pods-SpaceXLaunches.debug.xcconfig */,
				D3C0290723832ABC09E54074 /* Pods-SpaceXLaunches.release.xcconfig */,
			);
			path = Pods;
			sourceTree = "<group>";
		};
		A653250158D0578947208C75 /* Frameworks */ = {
			isa = PBXGroup;
			children = (
				C420B00D11DE5AD3D3890C64 /* Pods_SpaceXLaunches.framework */,
			);
			name = Frameworks;
			sourceTree = "<group>";
		};
/* End PBXGroup section */

/* Begin PBXNativeTarget section */
		136A03932568F82F004F6D94 /* SpaceXLaunches */ = {
			isa = PBXNativeTarget;
			buildConfigurationList = 136A03A82568F832004F6D94 /* Build configuration list for PBXNativeTarget "SpaceXLaunches" */;
			buildPhases = (
				F7A199590C86DF305567B6BA /* [CP] Check Pods Manifest.lock */,
				136A03902568F82F004F6D94 /* Sources */,
				136A03912568F82F004F6D94 /* Frameworks */,
				136A03922568F82F004F6D94 /* Resources */,
				44689DA2117B1D2F43106298 /* [CP] Embed Pods Frameworks */,
			);
			buildRules = (
			);
			dependencies = (
			);
			name = SpaceXLaunches;
			productName = SpaceXLaunches;
			productReference = 136A03942568F82F004F6D94 /* SpaceXLaunches.app */;
			productType = "com.apple.product-type.application";
		};
/* End PBXNativeTarget section */

/* Begin PBXProject section */
		136A038C2568F82F004F6D94 /* Project object */ = {
			isa = PBXProject;
			attributes = {
				LastSwiftUpdateCheck = 1220;
				LastUpgradeCheck = 1220;
				TargetAttributes = {
					136A03932568F82F004F6D94 = {
						CreatedOnToolsVersion = 12.2;
					};
				};
			};
			buildConfigurationList = 136A038F2568F82F004F6D94 /* Build configuration list for PBXProject "SpaceXLaunches" */;
			compatibilityVersion = "Xcode 9.3";
			developmentRegion = en;
			hasScannedForEncodings = 0;
			knownRegions = (
				en,
				Base,
			);
			mainGroup = 136A038B2568F82F004F6D94;
			productRefGroup = 136A03952568F82F004F6D94 /* Products */;
			projectDirPath = "";
			projectRoot = "";
			targets = (
				136A03932568F82F004F6D94 /* SpaceXLaunches */,
			);
		};
/* End PBXProject section */

/* Begin PBXResourcesBuildPhase section */
		136A03922568F82F004F6D94 /* Resources */ = {
			isa = PBXResourcesBuildPhase;
			buildActionMask = 2147483647;
			files = (
				136A03A42568F832004F6D94 /* LaunchScreen.storyboard in Resources */,
				136A03A12568F832004F6D94 /* Assets.xcassets in Resources */,
				136A039F2568F82F004F6D94 /* Main.storyboard in Resources */,
			);
			runOnlyForDeploymentPostprocessing = 0;
		};
/* End PBXResourcesBuildPhase section */

/* Begin PBXShellScriptBuildPhase section */
		44689DA2117B1D2F43106298 /* [CP] Embed Pods Frameworks */ = {
			isa = PBXShellScriptBuildPhase;
			buildActionMask = 2147483647;
			files = (
			);
			inputFileListPaths = (
				"${PODS_ROOT}/Target Support Files/Pods-SpaceXLaunches/Pods-SpaceXLaunches-frameworks-${CONFIGURATION}-input-files.xcfilelist",
			);
			name = "[CP] Embed Pods Frameworks";
			outputFileListPaths = (
				"${PODS_ROOT}/Target Support Files/Pods-SpaceXLaunches/Pods-SpaceXLaunches-frameworks-${CONFIGURATION}-output-files.xcfilelist",
			);
			runOnlyForDeploymentPostprocessing = 0;
			shellPath = /bin/sh;
			shellScript = "\"${PODS_ROOT}/Target Support Files/Pods-SpaceXLaunches/Pods-SpaceXLaunches-frameworks.sh\"\n";
			showEnvVarsInLog = 0;
		};
		F7A199590C86DF305567B6BA /* [CP] Check Pods Manifest.lock */ = {
			isa = PBXShellScriptBuildPhase;
			buildActionMask = 2147483647;
			files = (
			);
			inputFileListPaths = (
			);
			inputPaths = (
				"${PODS_PODFILE_DIR_PATH}/Podfile.lock",
				"${PODS_ROOT}/Manifest.lock",
			);
			name = "[CP] Check Pods Manifest.lock";
			outputFileListPaths = (
			);
			outputPaths = (
				"$(DERIVED_FILE_DIR)/Pods-SpaceXLaunches-checkManifestLockResult.txt",
			);
			runOnlyForDeploymentPostprocessing = 0;
			shellPath = /bin/sh;
			shellScript = "diff \"${PODS_PODFILE_DIR_PATH}/Podfile.lock\" \"${PODS_ROOT}/Manifest.lock\" > /dev/null\nif [ $? != 0 ] ; then\n    # print error to STDERR\n    echo \"error: The sandbox is not in sync with the Podfile.lock. Run 'pod install' or update your CocoaPods installation.\" >&2\n    exit 1\nfi\n# This output is used by Xcode 'outputs' to avoid re-running this script phase.\necho \"SUCCESS\" > \"${SCRIPT_OUTPUT_FILE_0}\"\n";
			showEnvVarsInLog = 0;
		};
/* End PBXShellScriptBuildPhase section */

/* Begin PBXSourcesBuildPhase section */
		136A03902568F82F004F6D94 /* Sources */ = {
			isa = PBXSourcesBuildPhase;
			buildActionMask = 2147483647;
			files = (
				136A03982568F82F004F6D94 /* AppDelegate.swift in Sources */,
				136A03D825692824004F6D94 /* StoryboardId.swift in Sources */,
				136A03BA2568F90A004F6D94 /* DetailController.swift in Sources */,
				136A03CD25690B19004F6D94 /* Endpoint.swift in Sources */,
				136A03C32568F92F004F6D94 /* HomeController.swift in Sources */,
				136A039A2568F82F004F6D94 /* SceneDelegate.swift in Sources */,
				136A03DB25692954004F6D94 /* HomeTableViewCell.swift in Sources */,
				136A03D125690CAA004F6D94 /* Service.swift in Sources */,
				136A03C92568FD5E004F6D94 /* Launch.swift in Sources */,
				136A03DE2569298A004F6D94 /* UI.swift in Sources */,
				136A03D425692809004F6D94 /* Constant.swift in Sources */,
				136A03C02568F924004F6D94 /* HomeViewModel.swift in Sources */,
				136A03BD2568F918004F6D94 /* DetailViewModel.swift in Sources */,
			);
			runOnlyForDeploymentPostprocessing = 0;
		};
/* End PBXSourcesBuildPhase section */

/* Begin PBXVariantGroup section */
		136A039D2568F82F004F6D94 /* Main.storyboard */ = {
			isa = PBXVariantGroup;
			children = (
				136A039E2568F82F004F6D94 /* Base */,
			);
			name = Main.storyboard;
			sourceTree = "<group>";
		};
		136A03A22568F832004F6D94 /* LaunchScreen.storyboard */ = {
			isa = PBXVariantGroup;
			children = (
				136A03A32568F832004F6D94 /* Base */,
			);
			name = LaunchScreen.storyboard;
			sourceTree = "<group>";
		};
/* End PBXVariantGroup section */

/* Begin XCBuildConfiguration section */
		136A03A62568F832004F6D94 /* Debug */ = {
			isa = XCBuildConfiguration;
			buildSettings = {
				ALWAYS_SEARCH_USER_PATHS = NO;
				CLANG_ANALYZER_NONNULL = YES;
				CLANG_ANALYZER_NUMBER_OBJECT_CONVERSION = YES_AGGRESSIVE;
				CLANG_CXX_LANGUAGE_STANDARD = "gnu++14";
				CLANG_CXX_LIBRARY = "libc++";
				CLANG_ENABLE_MODULES = YES;
				CLANG_ENABLE_OBJC_ARC = YES;
				CLANG_ENABLE_OBJC_WEAK = YES;
				CLANG_WARN_BLOCK_CAPTURE_AUTORELEASING = YES;
				CLANG_WARN_BOOL_CONVERSION = YES;
				CLANG_WARN_COMMA = YES;
				CLANG_WARN_CONSTANT_CONVERSION = YES;
				CLANG_WARN_DEPRECATED_OBJC_IMPLEMENTATIONS = YES;
				CLANG_WARN_DIRECT_OBJC_ISA_USAGE = YES_ERROR;
				CLANG_WARN_DOCUMENTATION_COMMENTS = YES;
				CLANG_WARN_EMPTY_BODY = YES;
				CLANG_WARN_ENUM_CONVERSION = YES;
				CLANG_WARN_INFINITE_RECURSION = YES;
				CLANG_WARN_INT_CONVERSION = YES;
				CLANG_WARN_NON_LITERAL_NULL_CONVERSION = YES;
				CLANG_WARN_OBJC_IMPLICIT_RETAIN_SELF = YES;
				CLANG_WARN_OBJC_LITERAL_CONVERSION = YES;
				CLANG_WARN_OBJC_ROOT_CLASS = YES_ERROR;
				CLANG_WARN_QUOTED_INCLUDE_IN_FRAMEWORK_HEADER = YES;
				CLANG_WARN_RANGE_LOOP_ANALYSIS = YES;
				CLANG_WARN_STRICT_PROTOTYPES = YES;
				CLANG_WARN_SUSPICIOUS_MOVE = YES;
				CLANG_WARN_UNGUARDED_AVAILABILITY = YES_AGGRESSIVE;
				CLANG_WARN_UNREACHABLE_CODE = YES;
				CLANG_WARN__DUPLICATE_METHOD_MATCH = YES;
				COPY_PHASE_STRIP = NO;
				DEBUG_INFORMATION_FORMAT = dwarf;
				ENABLE_STRICT_OBJC_MSGSEND = YES;
				ENABLE_TESTABILITY = YES;
				GCC_C_LANGUAGE_STANDARD = gnu11;
				GCC_DYNAMIC_NO_PIC = NO;
				GCC_NO_COMMON_BLOCKS = YES;
				GCC_OPTIMIZATION_LEVEL = 0;
				GCC_PREPROCESSOR_DEFINITIONS = (
					"DEBUG=1",
					"$(inherited)",
				);
				GCC_WARN_64_TO_32_BIT_CONVERSION = YES;
				GCC_WARN_ABOUT_RETURN_TYPE = YES_ERROR;
				GCC_WARN_UNDECLARED_SELECTOR = YES;
				GCC_WARN_UNINITIALIZED_AUTOS = YES_AGGRESSIVE;
				GCC_WARN_UNUSED_FUNCTION = YES;
				GCC_WARN_UNUSED_VARIABLE = YES;
				IPHONEOS_DEPLOYMENT_TARGET = 14.2;
				MTL_ENABLE_DEBUG_INFO = INCLUDE_SOURCE;
				MTL_FAST_MATH = YES;
				ONLY_ACTIVE_ARCH = YES;
				SDKROOT = iphoneos;
				SWIFT_ACTIVE_COMPILATION_CONDITIONS = DEBUG;
				SWIFT_OPTIMIZATION_LEVEL = "-Onone";
			};
			name = Debug;
		};
		136A03A72568F832004F6D94 /* Release */ = {
			isa = XCBuildConfiguration;
			buildSettings = {
				ALWAYS_SEARCH_USER_PATHS = NO;
				CLANG_ANALYZER_NONNULL = YES;
				CLANG_ANALYZER_NUMBER_OBJECT_CONVERSION = YES_AGGRESSIVE;
				CLANG_CXX_LANGUAGE_STANDARD = "gnu++14";
				CLANG_CXX_LIBRARY = "libc++";
				CLANG_ENABLE_MODULES = YES;
				CLANG_ENABLE_OBJC_ARC = YES;
				CLANG_ENABLE_OBJC_WEAK = YES;
				CLANG_WARN_BLOCK_CAPTURE_AUTORELEASING = YES;
				CLANG_WARN_BOOL_CONVERSION = YES;
				CLANG_WARN_COMMA = YES;
				CLANG_WARN_CONSTANT_CONVERSION = YES;
				CLANG_WARN_DEPRECATED_OBJC_IMPLEMENTATIONS = YES;
				CLANG_WARN_DIRECT_OBJC_ISA_USAGE = YES_ERROR;
				CLANG_WARN_DOCUMENTATION_COMMENTS = YES;
				CLANG_WARN_EMPTY_BODY = YES;
				CLANG_WARN_ENUM_CONVERSION = YES;
				CLANG_WARN_INFINITE_RECURSION = YES;
				CLANG_WARN_INT_CONVERSION = YES;
				CLANG_WARN_NON_LITERAL_NULL_CONVERSION = YES;
				CLANG_WARN_OBJC_IMPLICIT_RETAIN_SELF = YES;
				CLANG_WARN_OBJC_LITERAL_CONVERSION = YES;
				CLANG_WARN_OBJC_ROOT_CLASS = YES_ERROR;
				CLANG_WARN_QUOTED_INCLUDE_IN_FRAMEWORK_HEADER = YES;
				CLANG_WARN_RANGE_LOOP_ANALYSIS = YES;
				CLANG_WARN_STRICT_PROTOTYPES = YES;
				CLANG_WARN_SUSPICIOUS_MOVE = YES;
				CLANG_WARN_UNGUARDED_AVAILABILITY = YES_AGGRESSIVE;
				CLANG_WARN_UNREACHABLE_CODE = YES;
				CLANG_WARN__DUPLICATE_METHOD_MATCH = YES;
				COPY_PHASE_STRIP = NO;
				DEBUG_INFORMATION_FORMAT = "dwarf-with-dsym";
				ENABLE_NS_ASSERTIONS = NO;
				ENABLE_STRICT_OBJC_MSGSEND = YES;
				GCC_C_LANGUAGE_STANDARD = gnu11;
				GCC_NO_COMMON_BLOCKS = YES;
				GCC_WARN_64_TO_32_BIT_CONVERSION = YES;
				GCC_WARN_ABOUT_RETURN_TYPE = YES_ERROR;
				GCC_WARN_UNDECLARED_SELECTOR = YES;
				GCC_WARN_UNINITIALIZED_AUTOS = YES_AGGRESSIVE;
				GCC_WARN_UNUSED_FUNCTION = YES;
				GCC_WARN_UNUSED_VARIABLE = YES;
				IPHONEOS_DEPLOYMENT_TARGET = 14.2;
				MTL_ENABLE_DEBUG_INFO = NO;
				MTL_FAST_MATH = YES;
				SDKROOT = iphoneos;
				SWIFT_COMPILATION_MODE = wholemodule;
				SWIFT_OPTIMIZATION_LEVEL = "-O";
				VALIDATE_PRODUCT = YES;
			};
			name = Release;
		};
		136A03A92568F832004F6D94 /* Debug */ = {
			isa = XCBuildConfiguration;
			baseConfigurationReference = 313E0836F2709EF68E2942E5 /* Pods-SpaceXLaunches.debug.xcconfig */;
			buildSettings = {
				ASSETCATALOG_COMPILER_APPICON_NAME = AppIcon;
				ASSETCATALOG_COMPILER_GLOBAL_ACCENT_COLOR_NAME = AccentColor;
				CODE_SIGN_IDENTITY = "Apple Development";
				CODE_SIGN_STYLE = Automatic;
				DEVELOPMENT_TEAM = RMTY324S26;
				INFOPLIST_FILE = SpaceXLaunches/Supports/Info.plist;
				IPHONEOS_DEPLOYMENT_TARGET = 14.0;
				LD_RUNPATH_SEARCH_PATHS = (
					"$(inherited)",
					"@executable_path/Frameworks",
				);
				MARKETING_VERSION = 0.1.0;
				PRODUCT_BUNDLE_IDENTIFIER = com.bugrayenidunya.SpaceXLaunches;
				PRODUCT_NAME = "$(TARGET_NAME)";
				PROVISIONING_PROFILE_SPECIFIER = "";
				SWIFT_VERSION = 5.0;
				TARGETED_DEVICE_FAMILY = 1;
			};
			name = Debug;
		};
		136A03AA2568F832004F6D94 /* Release */ = {
			isa = XCBuildConfiguration;
			baseConfigurationReference = D3C0290723832ABC09E54074 /* Pods-SpaceXLaunches.release.xcconfig */;
			buildSettings = {
				ASSETCATALOG_COMPILER_APPICON_NAME = AppIcon;
				ASSETCATALOG_COMPILER_GLOBAL_ACCENT_COLOR_NAME = AccentColor;
				CODE_SIGN_IDENTITY = "Apple Development";
				CODE_SIGN_STYLE = Automatic;
				DEVELOPMENT_TEAM = RMTY324S26;
				INFOPLIST_FILE = SpaceXLaunches/Supports/Info.plist;
				IPHONEOS_DEPLOYMENT_TARGET = 14.0;
				LD_RUNPATH_SEARCH_PATHS = (
					"$(inherited)",
					"@executable_path/Frameworks",
				);
				MARKETING_VERSION = 0.1.0;
				PRODUCT_BUNDLE_IDENTIFIER = com.bugrayenidunya.SpaceXLaunches;
				PRODUCT_NAME = "$(TARGET_NAME)";
				PROVISIONING_PROFILE_SPECIFIER = "";
				SWIFT_VERSION = 5.0;
				TARGETED_DEVICE_FAMILY = 1;
			};
			name = Release;
		};
/* End XCBuildConfiguration section */

/* Begin XCConfigurationList section */
		136A038F2568F82F004F6D94 /* Build configuration list for PBXProject "SpaceXLaunches" */ = {
			isa = XCConfigurationList;
			buildConfigurations = (
				136A03A62568F832004F6D94 /* Debug */,
				136A03A72568F832004F6D94 /* Release */,
			);
			defaultConfigurationIsVisible = 0;
			defaultConfigurationName = Release;
		};
		136A03A82568F832004F6D94 /* Build configuration list for PBXNativeTarget "SpaceXLaunches" */ = {
			isa = XCConfigurationList;
			buildConfigurations = (
				136A03A92568F832004F6D94 /* Debug */,
				136A03AA2568F832004F6D94 /* Release */,
			);
			defaultConfigurationIsVisible = 0;
			defaultConfigurationName = Release;
		};
/* End XCConfigurationList section */
	};
	rootObject = 136A038C2568F82F004F6D94 /* Project object */;
}
